{
  "lockfileVersion": 1,
  "workspaces": {
    "": {
      "name": "hexo-site",
      "dependencies": {
        "hexo": "^8.0.0",
        "hexo-deployer-git": "^4.0.0",
        "hexo-generator-archive": "^2.0.0",
        "hexo-generator-category": "^2.0.0",
        "hexo-generator-index": "^4.0.0",
        "hexo-generator-tag": "^2.0.0",
        "hexo-renderer-ejs": "^2.0.0",
        "hexo-renderer-marked": "^7.0.0",
        "hexo-renderer-stylus": "^3.0.1",
        "hexo-server": "^3.0.0",
        "hexo-theme-landscape": "^1.0.0",
      },
    },
  },
  "packages": {
    "@adobe/css-tools": ["@adobe/css-tools@4.3.3", "", {}, ""],

    "@asamuzakjp/css-color": ["@asamuzakjp/css-color@3.2.0", "", { "dependencies": { "@csstools/css-calc": "^2.1.3", "@csstools/css-color-parser": "^3.0.9", "@csstools/css-parser-algorithms": "^3.0.4", "@csstools/css-tokenizer": "^3.0.3", "lru-cache": "^10.4.3" } }, ""],

    "@csstools/color-helpers": ["@csstools/color-helpers@5.0.2", "", {}, ""],

    "@csstools/css-calc": ["@csstools/css-calc@2.1.4", "", { "peerDependencies": { "@csstools/css-parser-algorithms": "^3.0.5", "@csstools/css-tokenizer": "^3.0.4" } }, ""],

    "@csstools/css-color-parser": ["@csstools/css-color-parser@3.0.10", "", { "dependencies": { "@csstools/color-helpers": "^5.0.2", "@csstools/css-calc": "^2.1.4" }, "peerDependencies": { "@csstools/css-parser-algorithms": "^3.0.5", "@csstools/css-tokenizer": "^3.0.4" } }, ""],

    "@csstools/css-parser-algorithms": ["@csstools/css-parser-algorithms@3.0.5", "", { "peerDependencies": { "@csstools/css-tokenizer": "^3.0.4" } }, ""],

    "@csstools/css-tokenizer": ["@csstools/css-tokenizer@3.0.4", "", {}, ""],

    "@types/trusted-types": ["@types/trusted-types@2.0.7", "", {}, ""],

    "a-sync-waterfall": ["a-sync-waterfall@1.0.1", "", {}, ""],

    "abbrev": ["abbrev@3.0.1", "", {}, "sha512-AO2ac6pjRB3SJmGJo+v5/aK6Omggp6fsLrs6wN9bd35ulu4cCwaAU9+7ZhXjeqHVkaHThLuzH0nZr0YpCDhygg=="],

    "agent-base": ["agent-base@7.1.3", "", {}, ""],

    "ansi-regex": ["ansi-regex@6.2.2", "", {}, "sha512-Bq3SmSpyFHaWjPk8If9yc6svM8c56dB5BAtW4Qbw5jHTwwXXcTLoRMkpDJp6VL0XzlWaCHTXrkFURMYmD0sLqg=="],

    "ansi-styles": ["ansi-styles@4.3.0", "", { "dependencies": { "color-convert": "^2.0.1" } }, ""],

    "anymatch": ["anymatch@3.1.3", "", { "dependencies": { "normalize-path": "^3.0.0", "picomatch": "^2.0.4" } }, ""],

    "archy": ["archy@1.0.0", "", {}, ""],

    "argparse": ["argparse@2.0.1", "", {}, ""],

    "asap": ["asap@2.0.6", "", {}, ""],

    "async": ["async@3.2.6", "", {}, ""],

    "asynckit": ["asynckit@0.4.0", "", {}, ""],

    "balanced-match": ["balanced-match@1.0.2", "", {}, ""],

    "basic-auth": ["basic-auth@2.0.1", "", { "dependencies": { "safe-buffer": "5.1.2" } }, ""],

    "binary-extensions": ["binary-extensions@2.3.0", "", {}, ""],

    "bluebird": ["bluebird@3.7.2", "", {}, ""],

    "brace-expansion": ["brace-expansion@1.1.12", "", { "dependencies": { "balanced-match": "^1.0.0", "concat-map": "0.0.1" } }, ""],

    "braces": ["braces@3.0.3", "", { "dependencies": { "fill-range": "^7.1.1" } }, ""],

    "bytes": ["bytes@3.1.2", "", {}, ""],

    "call-bind-apply-helpers": ["call-bind-apply-helpers@1.0.2", "", { "dependencies": { "es-errors": "^1.3.0", "function-bind": "^1.1.2" } }, ""],

    "camel-case": ["camel-case@4.1.2", "", { "dependencies": { "pascal-case": "^3.1.2", "tslib": "^2.0.3" } }, ""],

    "chalk": ["chalk@4.1.2", "", { "dependencies": { "ansi-styles": "^4.1.0", "supports-color": "^7.1.0" } }, ""],

    "chokidar": ["chokidar@4.0.3", "", { "dependencies": { "readdirp": "^4.0.1" } }, "sha512-Qgzu8kfBvo+cA4962jnP1KkS6Dop5NS6g7R5LFYJr4b8Ub94PPQXUksCw9PvXoeXPRRddRNC5C1JQUR2SMGtnA=="],

    "color-convert": ["color-convert@2.0.1", "", { "dependencies": { "color-name": "~1.1.4" } }, ""],

    "color-name": ["color-name@1.1.4", "", {}, ""],

    "combined-stream": ["combined-stream@1.0.8", "", { "dependencies": { "delayed-stream": "~1.0.0" } }, ""],

    "command-exists": ["command-exists@1.2.9", "", {}, ""],

    "commander": ["commander@5.1.0", "", {}, ""],

    "compressible": ["compressible@2.0.18", "", { "dependencies": { "mime-db": ">= 1.43.0 < 2" } }, ""],

    "compression": ["compression@1.8.0", "", { "dependencies": { "bytes": "3.1.2", "compressible": "~2.0.18", "debug": "2.6.9", "negotiator": "~0.6.4", "on-headers": "~1.0.2", "safe-buffer": "5.2.1", "vary": "~1.1.2" } }, ""],

    "concat-map": ["concat-map@0.0.1", "", {}, ""],

    "connect": ["connect@3.7.0", "", { "dependencies": { "debug": "2.6.9", "finalhandler": "1.1.2", "parseurl": "~1.3.3", "utils-merge": "1.0.1" } }, ""],

    "cross-spawn": ["cross-spawn@7.0.6", "", { "dependencies": { "path-key": "^3.1.0", "shebang-command": "^2.0.0", "which": "^2.0.1" } }, ""],

    "cssstyle": ["cssstyle@4.5.0", "", { "dependencies": { "@asamuzakjp/css-color": "^3.2.0", "rrweb-cssom": "^0.8.0" } }, ""],

    "data-urls": ["data-urls@5.0.0", "", { "dependencies": { "whatwg-mimetype": "^4.0.0", "whatwg-url": "^14.0.0" } }, ""],

    "debug": ["debug@4.4.1", "", { "dependencies": { "ms": "^2.1.3" } }, ""],

    "decimal.js": ["decimal.js@10.5.0", "", {}, ""],

    "deepmerge": ["deepmerge@4.3.1", "", {}, ""],

    "define-lazy-prop": ["define-lazy-prop@2.0.0", "", {}, ""],

    "delayed-stream": ["delayed-stream@1.0.0", "", {}, ""],

    "depd": ["depd@2.0.0", "", {}, ""],

    "destroy": ["destroy@1.2.0", "", {}, ""],

    "dom-serializer": ["dom-serializer@2.0.0", "", { "dependencies": { "domelementtype": "^2.3.0", "domhandler": "^5.0.2", "entities": "^4.2.0" } }, ""],

    "domelementtype": ["domelementtype@2.3.0", "", {}, ""],

    "domhandler": ["domhandler@5.0.3", "", { "dependencies": { "domelementtype": "^2.3.0" } }, ""],

    "dompurify": ["dompurify@3.2.6", "", { "optionalDependencies": { "@types/trusted-types": "^2.0.7" } }, ""],

    "domutils": ["domutils@3.2.2", "", { "dependencies": { "dom-serializer": "^2.0.0", "domelementtype": "^2.3.0", "domhandler": "^5.0.3" } }, ""],

    "dunder-proto": ["dunder-proto@1.0.1", "", { "dependencies": { "call-bind-apply-helpers": "^1.0.1", "es-errors": "^1.3.0", "gopd": "^1.2.0" } }, ""],

    "ee-first": ["ee-first@1.1.1", "", {}, ""],

    "ejs": ["ejs@3.1.10", "", { "dependencies": { "jake": "^10.8.5" }, "bin": "bin/cli.js" }, ""],

    "encodeurl": ["encodeurl@2.0.0", "", {}, ""],

    "entities": ["entities@4.5.0", "", {}, ""],

    "es-define-property": ["es-define-property@1.0.1", "", {}, ""],

    "es-errors": ["es-errors@1.3.0", "", {}, ""],

    "es-object-atoms": ["es-object-atoms@1.1.1", "", { "dependencies": { "es-errors": "^1.3.0" } }, ""],

    "es-set-tostringtag": ["es-set-tostringtag@2.1.0", "", { "dependencies": { "es-errors": "^1.3.0", "get-intrinsic": "^1.2.6", "has-tostringtag": "^1.0.2", "hasown": "^2.0.2" } }, ""],

    "escape-html": ["escape-html@1.0.3", "", {}, ""],

    "esprima": ["esprima@4.0.1", "", { "bin": { "esparse": "bin/esparse.js", "esvalidate": "bin/esvalidate.js" } }, ""],

    "etag": ["etag@1.8.1", "", {}, ""],

    "fast-equals": ["fast-equals@3.0.3", "", {}, ""],

    "fast-text-table": ["fast-text-table@1.0.1", "", {}, "sha512-KUwE3MizTzXwhrvTTEpWbug1ngV1zfjwzdxSkeWYGUoVGaaQoid+jxgg4zm4LB+OrtnD+X2xJFq7DCO3pc3fdQ=="],

    "filelist": ["filelist@1.0.4", "", { "dependencies": { "minimatch": "^5.0.1" } }, ""],

    "fill-range": ["fill-range@7.1.1", "", { "dependencies": { "to-regex-range": "^5.0.1" } }, ""],

    "finalhandler": ["finalhandler@1.1.2", "", { "dependencies": { "debug": "2.6.9", "encodeurl": "~1.0.2", "escape-html": "~1.0.3", "on-finished": "~2.3.0", "parseurl": "~1.3.3", "statuses": "~1.5.0", "unpipe": "~1.0.0" } }, ""],

    "form-data": ["form-data@4.0.3", "", { "dependencies": { "asynckit": "^0.4.0", "combined-stream": "^1.0.8", "es-set-tostringtag": "^2.1.0", "hasown": "^2.0.2", "mime-types": "^2.1.12" } }, ""],

    "fresh": ["fresh@0.5.2", "", {}, ""],

    "fs.realpath": ["fs.realpath@1.0.0", "", {}, ""],

    "function-bind": ["function-bind@1.1.2", "", {}, ""],

    "get-intrinsic": ["get-intrinsic@1.3.0", "", { "dependencies": { "call-bind-apply-helpers": "^1.0.2", "es-define-property": "^1.0.1", "es-errors": "^1.3.0", "es-object-atoms": "^1.1.1", "function-bind": "^1.1.2", "get-proto": "^1.0.1", "gopd": "^1.2.0", "has-symbols": "^1.1.0", "hasown": "^2.0.2", "math-intrinsics": "^1.1.0" } }, ""],

    "get-proto": ["get-proto@1.0.1", "", { "dependencies": { "dunder-proto": "^1.0.1", "es-object-atoms": "^1.0.0" } }, ""],

    "glob": ["glob@7.2.3", "", { "dependencies": { "fs.realpath": "^1.0.0", "inflight": "^1.0.4", "inherits": "2", "minimatch": "^3.1.1", "once": "^1.3.0", "path-is-absolute": "^1.0.0" } }, ""],

    "glob-parent": ["glob-parent@5.1.2", "", { "dependencies": { "is-glob": "^4.0.1" } }, ""],

    "gopd": ["gopd@1.2.0", "", {}, ""],

    "graceful-fs": ["graceful-fs@4.2.11", "", {}, ""],

    "has-flag": ["has-flag@4.0.0", "", {}, ""],

    "has-symbols": ["has-symbols@1.1.0", "", {}, ""],

    "has-tostringtag": ["has-tostringtag@1.0.2", "", { "dependencies": { "has-symbols": "^1.0.3" } }, ""],

    "hasown": ["hasown@2.0.2", "", { "dependencies": { "function-bind": "^1.1.2" } }, ""],

    "hexo": ["hexo@8.0.0", "", { "dependencies": { "abbrev": "^3.0.0", "archy": "^1.0.0", "bluebird": "^3.7.2", "fast-text-table": "^1.0.1", "hexo-cli": "^4.3.2", "hexo-front-matter": "^4.2.1", "hexo-fs": "^5.0.0", "hexo-i18n": "^2.0.0", "hexo-log": "^4.1.0", "hexo-util": "^3.3.0", "js-yaml": "^4.1.0", "js-yaml-js-types": "^1.0.1", "micromatch": "^4.0.8", "moize": "^6.1.6", "moment": "^2.30.1", "moment-timezone": "^0.5.46", "nunjucks": "^3.2.4", "picocolors": "^1.1.1", "pretty-hrtime": "^1.0.3", "strip-ansi": "^7.1.0", "tildify": "^2.0.0", "titlecase": "^1.1.3", "warehouse": "^6.0.0" }, "bin": "bin/hexo" }, "sha512-GFNUICrDWvrBrhq4Oe2BUKg4UFJpaU0PjoAm5WIwf6O0gV52vPCGkGWQxH6AhOfJ1BEHm3hJALRl7RqOcgQP+A=="],

    "hexo-cli": ["hexo-cli@4.3.2", "", { "dependencies": { "abbrev": "^2.0.0", "bluebird": "^3.7.2", "command-exists": "^1.2.9", "hexo-fs": "^4.1.1", "hexo-log": "^4.0.1", "hexo-util": "^3.3.0", "minimist": "^1.2.5", "picocolors": "^1.0.0", "resolve": "^1.20.0", "tildify": "^2.0.0" }, "bin": { "hexo": "bin/hexo" } }, ""],

    "hexo-deployer-git": ["hexo-deployer-git@4.0.0", "", { "dependencies": { "bluebird": "^3.7.2", "hexo-fs": "^4.0.0", "hexo-util": "^2.7.0", "luxon": "^3.0.4", "nunjucks": "^3.2.3", "picocolors": "^1.0.0" } }, "sha512-28t1Q+4taB/UaBAP52W3mD/wcCwa2y2zBieUfBJFBZudbmVgiKJB5YedYILeyI5QByaUKAOwoupmdTbocdQ+CQ=="],

    "hexo-front-matter": ["hexo-front-matter@4.2.1", "", { "dependencies": { "js-yaml": "^4.1.0" } }, ""],

    "hexo-fs": ["hexo-fs@5.0.0", "", { "dependencies": { "bluebird": "^3.7.2", "chokidar": "^4.0.3", "graceful-fs": "^4.2.10", "hexo-util": "^3.3.0" } }, "sha512-oBkg1QgXyb4JxipaH+yCV/7E7XOUASTK6x1pocWvLw6U2mB6VfLENgYg61ft9Qn6JCiKSzs7FU4vyTUy6gIPvQ=="],

    "hexo-generator-archive": ["hexo-generator-archive@2.0.0", "", { "dependencies": { "hexo-pagination": "3.0.0" } }, ""],

    "hexo-generator-category": ["hexo-generator-category@2.0.0", "", { "dependencies": { "hexo-pagination": "3.0.0" } }, ""],

    "hexo-generator-index": ["hexo-generator-index@4.0.0", "", { "dependencies": { "hexo-pagination": "3.0.0" } }, ""],

    "hexo-generator-tag": ["hexo-generator-tag@2.0.0", "", { "dependencies": { "hexo-pagination": "3.0.0" } }, ""],

    "hexo-i18n": ["hexo-i18n@2.0.0", "", { "dependencies": { "sprintf-js": "^1.1.2" } }, ""],

    "hexo-log": ["hexo-log@4.1.0", "", { "dependencies": { "picocolors": "^1.0.0" } }, ""],

    "hexo-pagination": ["hexo-pagination@3.0.0", "", {}, ""],

    "hexo-renderer-ejs": ["hexo-renderer-ejs@2.0.0", "", { "dependencies": { "ejs": "^3.1.6" } }, ""],

    "hexo-renderer-marked": ["hexo-renderer-marked@7.0.1", "", { "dependencies": { "dompurify": "^3.0.3", "hexo-util": "^3.1.0", "jsdom": "^25.0.1", "marked": "^15.0.4" } }, ""],

    "hexo-renderer-stylus": ["hexo-renderer-stylus@3.0.1", "", { "dependencies": { "nib": "^1.2.0", "stylus": "^0.62.0" } }, ""],

    "hexo-server": ["hexo-server@3.0.0", "", { "dependencies": { "bluebird": "^3.5.5", "compression": "^1.7.4", "connect": "^3.7.0", "mime": "^3.0.0", "morgan": "^1.9.1", "open": "^8.0.9", "picocolors": "^1.0.0", "serve-static": "^1.14.1" } }, ""],

    "hexo-theme-landscape": ["hexo-theme-landscape@1.1.0", "", {}, ""],

    "hexo-util": ["hexo-util@3.3.0", "", { "dependencies": { "camel-case": "^4.1.2", "cross-spawn": "^7.0.3", "deepmerge": "^4.2.2", "highlight.js": "^11.6.0", "htmlparser2": "^9.0.0", "prismjs": "^1.29.0", "strip-indent": "^3.0.0" } }, ""],

    "highlight.js": ["highlight.js@11.11.1", "", {}, ""],

    "html-encoding-sniffer": ["html-encoding-sniffer@4.0.0", "", { "dependencies": { "whatwg-encoding": "^3.1.1" } }, ""],

    "htmlparser2": ["htmlparser2@9.1.0", "", { "dependencies": { "domelementtype": "^2.3.0", "domhandler": "^5.0.3", "domutils": "^3.1.0", "entities": "^4.5.0" } }, ""],

    "http-errors": ["http-errors@2.0.0", "", { "dependencies": { "depd": "2.0.0", "inherits": "2.0.4", "setprototypeof": "1.2.0", "statuses": "2.0.1", "toidentifier": "1.0.1" } }, ""],

    "http-proxy-agent": ["http-proxy-agent@7.0.2", "", { "dependencies": { "agent-base": "^7.1.0", "debug": "^4.3.4" } }, ""],

    "https-proxy-agent": ["https-proxy-agent@7.0.6", "", { "dependencies": { "agent-base": "^7.1.2", "debug": "4" } }, ""],

    "iconv-lite": ["iconv-lite@0.6.3", "", { "dependencies": { "safer-buffer": ">= 2.1.2 < 3.0.0" } }, ""],

    "inflight": ["inflight@1.0.6", "", { "dependencies": { "once": "^1.3.0", "wrappy": "1" } }, ""],

    "inherits": ["inherits@2.0.4", "", {}, ""],

    "is-binary-path": ["is-binary-path@2.1.0", "", { "dependencies": { "binary-extensions": "^2.0.0" } }, ""],

    "is-core-module": ["is-core-module@2.16.1", "", { "dependencies": { "hasown": "^2.0.2" } }, ""],

    "is-docker": ["is-docker@2.2.1", "", { "bin": "cli.js" }, ""],

    "is-extglob": ["is-extglob@2.1.1", "", {}, ""],

    "is-glob": ["is-glob@4.0.3", "", { "dependencies": { "is-extglob": "^2.1.1" } }, ""],

    "is-number": ["is-number@7.0.0", "", {}, ""],

    "is-plain-object": ["is-plain-object@5.0.0", "", {}, "sha512-VRSzKkbMm5jMDoKLbltAkFQ5Qr7VDiTFGXxYFXXowVj387GeGNOCsOH6Msy00SGZ3Fp84b1Naa1psqgcCIEP5Q=="],

    "is-potential-custom-element-name": ["is-potential-custom-element-name@1.0.1", "", {}, ""],

    "is-wsl": ["is-wsl@2.2.0", "", { "dependencies": { "is-docker": "^2.0.0" } }, ""],

    "isexe": ["isexe@2.0.0", "", {}, ""],

    "jake": ["jake@10.9.2", "", { "dependencies": { "async": "^3.2.3", "chalk": "^4.0.2", "filelist": "^1.0.4", "minimatch": "^3.1.2" }, "bin": "bin/cli.js" }, ""],

    "js-yaml": ["js-yaml@4.1.0", "", { "dependencies": { "argparse": "^2.0.1" }, "bin": "bin/js-yaml.js" }, ""],

    "js-yaml-js-types": ["js-yaml-js-types@1.0.1", "", { "dependencies": { "esprima": "^4.0.1" }, "peerDependencies": { "js-yaml": "4.x" } }, ""],

    "jsdom": ["jsdom@25.0.1", "", { "dependencies": { "cssstyle": "^4.1.0", "data-urls": "^5.0.0", "decimal.js": "^10.4.3", "form-data": "^4.0.0", "html-encoding-sniffer": "^4.0.0", "http-proxy-agent": "^7.0.2", "https-proxy-agent": "^7.0.5", "is-potential-custom-element-name": "^1.0.1", "nwsapi": "^2.2.12", "parse5": "^7.1.2", "rrweb-cssom": "^0.7.1", "saxes": "^6.0.0", "symbol-tree": "^3.2.4", "tough-cookie": "^5.0.0", "w3c-xmlserializer": "^5.0.0", "webidl-conversions": "^7.0.0", "whatwg-encoding": "^3.1.1", "whatwg-mimetype": "^4.0.0", "whatwg-url": "^14.0.0", "ws": "^8.18.0", "xml-name-validator": "^5.0.0" }, "peerDependencies": { "canvas": "^2.11.2" }, "optionalPeers": ["canvas"] }, ""],

    "jsonparse": ["jsonparse@1.3.1", "", {}, "sha512-POQXvpdL69+CluYsillJ7SUhKvytYjW9vG/GKpnf+xP8UWgYEM/RaMzHHofbALDiKbbP1W8UEYmgGl39WkPZsg=="],

    "lower-case": ["lower-case@2.0.2", "", { "dependencies": { "tslib": "^2.0.3" } }, ""],

    "lru-cache": ["lru-cache@10.4.3", "", {}, ""],

    "luxon": ["luxon@3.6.1", "", {}, "sha512-tJLxrKJhO2ukZ5z0gyjY1zPh3Rh88Ej9P7jNrZiHMUXHae1yvI2imgOZtL1TO8TW6biMMKfTtAOoEJANgtWBMQ=="],

    "marked": ["marked@15.0.12", "", { "bin": "bin/marked.js" }, ""],

    "math-intrinsics": ["math-intrinsics@1.1.0", "", {}, ""],

    "micro-memoize": ["micro-memoize@4.1.3", "", {}, ""],

    "micromatch": ["micromatch@4.0.8", "", { "dependencies": { "braces": "^3.0.3", "picomatch": "^2.3.1" } }, ""],

    "mime": ["mime@3.0.0", "", { "bin": "cli.js" }, ""],

    "mime-db": ["mime-db@1.54.0", "", {}, ""],

    "mime-types": ["mime-types@2.1.35", "", { "dependencies": { "mime-db": "1.52.0" } }, ""],

    "min-indent": ["min-indent@1.0.1", "", {}, ""],

    "minimatch": ["minimatch@3.1.2", "", { "dependencies": { "brace-expansion": "^1.1.7" } }, ""],

    "minimist": ["minimist@1.2.8", "", {}, ""],

    "moize": ["moize@6.1.6", "", { "dependencies": { "fast-equals": "^3.0.1", "micro-memoize": "^4.1.2" } }, ""],

    "moment": ["moment@2.30.1", "", {}, ""],

    "moment-timezone": ["moment-timezone@0.5.48", "", { "dependencies": { "moment": "^2.29.4" } }, ""],

    "morgan": ["morgan@1.10.0", "", { "dependencies": { "basic-auth": "~2.0.1", "debug": "2.6.9", "depd": "~2.0.0", "on-finished": "~2.3.0", "on-headers": "~1.0.2" } }, ""],

    "ms": ["ms@2.1.3", "", {}, ""],

    "nanoid": ["nanoid@3.3.11", "", { "bin": "bin/nanoid.cjs" }, "sha512-N8SpfPUnUp1bK+PMYW8qSWdl9U+wwNWI4QKxOYDy9JAro3WMX7p2OeVRF9v+347pnakNevPmiHhNmZ2HbFA76w=="],

    "negotiator": ["negotiator@0.6.4", "", {}, ""],

    "nib": ["nib@1.2.0", "", { "peerDependencies": { "stylus": "*" } }, ""],

    "no-case": ["no-case@3.0.4", "", { "dependencies": { "lower-case": "^2.0.2", "tslib": "^2.0.3" } }, ""],

    "normalize-path": ["normalize-path@3.0.0", "", {}, ""],

    "nunjucks": ["nunjucks@3.2.4", "", { "dependencies": { "a-sync-waterfall": "^1.0.0", "asap": "^2.0.3", "commander": "^5.1.0" }, "peerDependencies": { "chokidar": "^3.3.0" }, "bin": { "nunjucks-precompile": "bin/precompile" } }, ""],

    "nwsapi": ["nwsapi@2.2.20", "", {}, ""],

    "on-finished": ["on-finished@2.3.0", "", { "dependencies": { "ee-first": "1.1.1" } }, ""],

    "on-headers": ["on-headers@1.0.2", "", {}, ""],

    "once": ["once@1.4.0", "", { "dependencies": { "wrappy": "1" } }, ""],

    "open": ["open@8.4.2", "", { "dependencies": { "define-lazy-prop": "^2.0.0", "is-docker": "^2.1.1", "is-wsl": "^2.2.0" } }, ""],

    "parse5": ["parse5@7.3.0", "", { "dependencies": { "entities": "^6.0.0" } }, ""],

    "parseurl": ["parseurl@1.3.3", "", {}, ""],

    "pascal-case": ["pascal-case@3.1.2", "", { "dependencies": { "no-case": "^3.0.4", "tslib": "^2.0.3" } }, ""],

    "path-is-absolute": ["path-is-absolute@1.0.1", "", {}, ""],

    "path-key": ["path-key@3.1.1", "", {}, ""],

    "path-parse": ["path-parse@1.0.7", "", {}, ""],

    "picocolors": ["picocolors@1.1.1", "", {}, ""],

    "picomatch": ["picomatch@2.3.1", "", {}, ""],

    "pretty-hrtime": ["pretty-hrtime@1.0.3", "", {}, ""],

    "prismjs": ["prismjs@1.30.0", "", {}, ""],

    "punycode": ["punycode@2.3.1", "", {}, ""],

    "range-parser": ["range-parser@1.2.1", "", {}, ""],

    "readable-stream": ["readable-stream@3.6.2", "", { "dependencies": { "inherits": "^2.0.3", "string_decoder": "^1.1.1", "util-deprecate": "^1.0.1" } }, "sha512-9u/sniCrY3D5WdsERHzHE4G2YCXqoG5FTHUiCC4SIbr6XcLZBY05ya9EKjYek9O5xOAwjGq+1JdGBAS7Q9ScoA=="],

    "readdirp": ["readdirp@4.1.2", "", {}, "sha512-GDhwkLfywWL2s6vEjyhri+eXmfH6j1L7JE27WhqLeYzoh/A3DBaYGEj2H/HFZCn/kMfim73FXxEJTw06WtxQwg=="],

    "resolve": ["resolve@1.22.10", "", { "dependencies": { "is-core-module": "^2.16.0", "path-parse": "^1.0.7", "supports-preserve-symlinks-flag": "^1.0.0" }, "bin": "bin/resolve" }, ""],

    "rfdc": ["rfdc@1.4.1", "", {}, "sha512-q1b3N5QkRUWUl7iyylaaj3kOpIT0N2i9MqIEQXP73GVsN9cw3fdx8X63cEmWhJGi2PPCF23Ijp7ktmd39rawIA=="],

    "rrweb-cssom": ["rrweb-cssom@0.7.1", "", {}, ""],

    "safe-buffer": ["safe-buffer@5.2.1", "", {}, ""],

    "safer-buffer": ["safer-buffer@2.1.2", "", {}, ""],

    "sax": ["sax@1.3.0", "", {}, ""],

    "saxes": ["saxes@6.0.0", "", { "dependencies": { "xmlchars": "^2.2.0" } }, ""],

    "send": ["send@0.19.0", "", { "dependencies": { "debug": "2.6.9", "depd": "2.0.0", "destroy": "1.2.0", "encodeurl": "~1.0.2", "escape-html": "~1.0.3", "etag": "~1.8.1", "fresh": "0.5.2", "http-errors": "2.0.0", "mime": "1.6.0", "ms": "2.1.3", "on-finished": "2.4.1", "range-parser": "~1.2.1", "statuses": "2.0.1" } }, ""],

    "serve-static": ["serve-static@1.16.2", "", { "dependencies": { "encodeurl": "~2.0.0", "escape-html": "~1.0.3", "parseurl": "~1.3.3", "send": "0.19.0" } }, ""],

    "setprototypeof": ["setprototypeof@1.2.0", "", {}, ""],

    "shebang-command": ["shebang-command@2.0.0", "", { "dependencies": { "shebang-regex": "^3.0.0" } }, ""],

    "shebang-regex": ["shebang-regex@3.0.0", "", {}, ""],

    "source-map": ["source-map@0.7.4", "", {}, ""],

    "sprintf-js": ["sprintf-js@1.1.3", "", {}, ""],

    "statuses": ["statuses@1.5.0", "", {}, ""],

    "string_decoder": ["string_decoder@1.3.0", "", { "dependencies": { "safe-buffer": "~5.2.0" } }, "sha512-hkRX8U1WjJFd8LsDJ2yQ/wWWxaopEsABU1XfkM8A+j0+85JAGppt16cr1Whg6KIbb4okU6Mql6BOj+uup/wKeA=="],

    "strip-ansi": ["strip-ansi@7.1.2", "", { "dependencies": { "ansi-regex": "^6.0.1" } }, "sha512-gmBGslpoQJtgnMAvOVqGZpEz9dyoKTCzy2nfz/n8aIFhN/jCE/rCmcxabB6jOOHV+0WNnylOxaxBQPSvcWklhA=="],

    "strip-indent": ["strip-indent@3.0.0", "", { "dependencies": { "min-indent": "^1.0.0" } }, ""],

    "stylus": ["stylus@0.62.0", "", { "dependencies": { "@adobe/css-tools": "~4.3.1", "debug": "^4.3.2", "glob": "^7.1.6", "sax": "~1.3.0", "source-map": "^0.7.3" }, "bin": "bin/stylus" }, ""],

    "supports-color": ["supports-color@7.2.0", "", { "dependencies": { "has-flag": "^4.0.0" } }, ""],

    "supports-preserve-symlinks-flag": ["supports-preserve-symlinks-flag@1.0.0", "", {}, ""],

    "symbol-tree": ["symbol-tree@3.2.4", "", {}, ""],

    "through2": ["through2@4.0.2", "", { "dependencies": { "readable-stream": "3" } }, "sha512-iOqSav00cVxEEICeD7TjLB1sueEL+81Wpzp2bY17uZjZN0pWZPuo4suZ/61VujxmqSGFfgOcNuTZ85QJwNZQpw=="],

    "tildify": ["tildify@2.0.0", "", {}, ""],

    "titlecase": ["titlecase@1.1.3", "", { "bin": { "to-title-case": "bin.js" } }, ""],

    "tldts": ["tldts@6.1.86", "", { "dependencies": { "tldts-core": "^6.1.86" }, "bin": "bin/cli.js" }, ""],

    "tldts-core": ["tldts-core@6.1.86", "", {}, ""],

    "to-regex-range": ["to-regex-range@5.0.1", "", { "dependencies": { "is-number": "^7.0.0" } }, ""],

    "toidentifier": ["toidentifier@1.0.1", "", {}, ""],

    "tough-cookie": ["tough-cookie@5.1.2", "", { "dependencies": { "tldts": "^6.1.32" } }, ""],

    "tr46": ["tr46@5.1.1", "", { "dependencies": { "punycode": "^2.3.1" } }, ""],

    "tslib": ["tslib@2.8.1", "", {}, ""],

    "unpipe": ["unpipe@1.0.0", "", {}, ""],

    "util-deprecate": ["util-deprecate@1.0.2", "", {}, "sha512-EPD5q1uXyFxJpCrLnCc1nHnq3gOa6DZBocAIiI2TaSCA7VCJ1UJDMagCzIkXNsUYfD1daK//LTEQ8xiIbrHtcw=="],

    "utils-merge": ["utils-merge@1.0.1", "", {}, ""],

    "vary": ["vary@1.1.2", "", {}, ""],

    "w3c-xmlserializer": ["w3c-xmlserializer@5.0.0", "", { "dependencies": { "xml-name-validator": "^5.0.0" } }, ""],

    "warehouse": ["warehouse@6.0.0", "", { "dependencies": { "bluebird": "^3.7.2", "graceful-fs": "^4.2.10", "hexo-log": "^4.0.1", "is-plain-object": "^5.0.0", "jsonparse": "^1.3.1", "nanoid": "^3.3.7", "rfdc": "^1.3.0", "through2": "^4.0.2" } }, "sha512-eOlhyPp5HC951QVDgAeculpSxvfum4UZAbqXSzocqbdiziTseFJFYxmhsKqrQ3wrwgtzPGgkVN2rPL31YLQ0SA=="],

    "webidl-conversions": ["webidl-conversions@7.0.0", "", {}, ""],

    "whatwg-encoding": ["whatwg-encoding@3.1.1", "", { "dependencies": { "iconv-lite": "0.6.3" } }, ""],

    "whatwg-mimetype": ["whatwg-mimetype@4.0.0", "", {}, ""],

    "whatwg-url": ["whatwg-url@14.2.0", "", { "dependencies": { "tr46": "^5.1.0", "webidl-conversions": "^7.0.0" } }, ""],

    "which": ["which@2.0.2", "", { "dependencies": { "isexe": "^2.0.0" }, "bin": { "node-which": "bin/node-which" } }, ""],

    "wrappy": ["wrappy@1.0.2", "", {}, ""],

    "ws": ["ws@8.18.2", "", { "peerDependencies": { "bufferutil": "^4.0.1", "utf-8-validate": ">=5.0.2" }, "optionalPeers": ["bufferutil", "utf-8-validate"] }, ""],

    "xml-name-validator": ["xml-name-validator@5.0.0", "", {}, ""],

    "xmlchars": ["xmlchars@2.2.0", "", {}, ""],

    "basic-auth/safe-buffer": ["safe-buffer@5.1.2", "", {}, ""],

    "compression/debug": ["debug@2.6.9", "", { "dependencies": { "ms": "2.0.0" } }, ""],

    "connect/debug": ["debug@2.6.9", "", { "dependencies": { "ms": "2.0.0" } }, ""],

    "cssstyle/rrweb-cssom": ["rrweb-cssom@0.8.0", "", {}, ""],

    "filelist/minimatch": ["minimatch@5.1.6", "", { "dependencies": { "brace-expansion": "^2.0.1" } }, ""],

    "finalhandler/debug": ["debug@2.6.9", "", { "dependencies": { "ms": "2.0.0" } }, ""],

    "finalhandler/encodeurl": ["encodeurl@1.0.2", "", {}, ""],

    "hexo-cli/abbrev": ["abbrev@2.0.0", "", {}, ""],

    "hexo-cli/hexo-fs": ["hexo-fs@4.1.3", "", { "dependencies": { "bluebird": "^3.7.2", "chokidar": "^3.5.3", "graceful-fs": "^4.2.10", "hexo-util": "^3.0.1" } }, ""],

    "hexo-deployer-git/hexo-fs": ["hexo-fs@4.1.3", "", { "dependencies": { "bluebird": "^3.7.2", "chokidar": "^3.5.3", "graceful-fs": "^4.2.10", "hexo-util": "^3.0.1" } }, ""],

    "hexo-deployer-git/hexo-util": ["hexo-util@2.7.0", "", { "dependencies": { "bluebird": "^3.5.2", "camel-case": "^4.0.0", "cross-spawn": "^7.0.0", "deepmerge": "^4.2.2", "highlight.js": "^11.0.1", "htmlparser2": "^7.0.0", "prismjs": "^1.17.1", "strip-indent": "^3.0.0" } }, "sha512-hQM3h34nhDg0bSe/Tg1lnpODvNkz7h2u0+lZGzlKL0Oufp+5KCAEUX9wal7/xC7ax3/cwEn8IuoU75kNpZLpJQ=="],

    "http-errors/statuses": ["statuses@2.0.1", "", {}, ""],

    "http-proxy-agent/debug": ["debug@4.4.1", "", { "dependencies": { "ms": "^2.1.3" } }, ""],

    "https-proxy-agent/debug": ["debug@4.4.1", "", { "dependencies": { "ms": "^2.1.3" } }, ""],

    "mime-types/mime-db": ["mime-db@1.52.0", "", {}, ""],

    "morgan/debug": ["debug@2.6.9", "", { "dependencies": { "ms": "2.0.0" } }, ""],

    "nunjucks/chokidar": ["chokidar@3.6.0", "", { "dependencies": { "anymatch": "~3.1.2", "braces": "~3.0.2", "glob-parent": "~5.1.2", "is-binary-path": "~2.1.0", "is-glob": "~4.0.1", "normalize-path": "~3.0.0", "readdirp": "~3.6.0" } }, ""],

    "parse5/entities": ["entities@6.0.1", "", {}, ""],

    "send/debug": ["debug@2.6.9", "", { "dependencies": { "ms": "2.0.0" } }, ""],

    "send/encodeurl": ["encodeurl@1.0.2", "", {}, ""],

    "send/mime": ["mime@1.6.0", "", { "bin": "cli.js" }, ""],

    "send/on-finished": ["on-finished@2.4.1", "", { "dependencies": { "ee-first": "1.1.1" } }, ""],

    "send/statuses": ["statuses@2.0.1", "", {}, ""],

    "compression/debug/ms": ["ms@2.0.0", "", {}, ""],

    "connect/debug/ms": ["ms@2.0.0", "", {}, ""],

    "filelist/minimatch/brace-expansion": ["brace-expansion@2.0.2", "", { "dependencies": { "balanced-match": "^1.0.0" } }, ""],

    "finalhandler/debug/ms": ["ms@2.0.0", "", {}, ""],

    "hexo-cli/hexo-fs/chokidar": ["chokidar@3.6.0", "", { "dependencies": { "anymatch": "~3.1.2", "braces": "~3.0.2", "glob-parent": "~5.1.2", "is-binary-path": "~2.1.0", "is-glob": "~4.0.1", "normalize-path": "~3.0.0", "readdirp": "~3.6.0" } }, ""],

    "hexo-deployer-git/hexo-fs/chokidar": ["chokidar@3.6.0", "", { "dependencies": { "anymatch": "~3.1.2", "braces": "~3.0.2", "glob-parent": "~5.1.2", "is-binary-path": "~2.1.0", "is-glob": "~4.0.1", "normalize-path": "~3.0.0", "readdirp": "~3.6.0" } }, ""],

    "hexo-deployer-git/hexo-fs/hexo-util": ["hexo-util@3.3.0", "", { "dependencies": { "camel-case": "^4.1.2", "cross-spawn": "^7.0.3", "deepmerge": "^4.2.2", "highlight.js": "^11.6.0", "htmlparser2": "^9.0.0", "prismjs": "^1.29.0", "strip-indent": "^3.0.0" } }, ""],

    "hexo-deployer-git/hexo-util/htmlparser2": ["htmlparser2@7.2.0", "", { "dependencies": { "domelementtype": "^2.0.1", "domhandler": "^4.2.2", "domutils": "^2.8.0", "entities": "^3.0.1" } }, "sha512-H7MImA4MS6cw7nbyURtLPO1Tms7C5H602LRETv95z1MxO/7CP7rDVROehUYeYBUYEON94NXXDEPmZuq+hX4sog=="],

    "morgan/debug/ms": ["ms@2.0.0", "", {}, ""],

    "nunjucks/chokidar/readdirp": ["readdirp@3.6.0", "", { "dependencies": { "picomatch": "^2.2.1" } }, ""],

    "send/debug/ms": ["ms@2.0.0", "", {}, ""],

    "hexo-cli/hexo-fs/chokidar/readdirp": ["readdirp@3.6.0", "", { "dependencies": { "picomatch": "^2.2.1" } }, ""],

    "hexo-deployer-git/hexo-fs/chokidar/readdirp": ["readdirp@3.6.0", "", { "dependencies": { "picomatch": "^2.2.1" } }, ""],

    "hexo-deployer-git/hexo-util/htmlparser2/domhandler": ["domhandler@4.3.1", "", { "dependencies": { "domelementtype": "^2.2.0" } }, "sha512-GrwoxYN+uWlzO8uhUXRl0P+kHE4GtVPfYzVLcUxPL7KNdHKj66vvlhiweIHqYYXWlw+T8iLMp42Lm67ghw4WMQ=="],

    "hexo-deployer-git/hexo-util/htmlparser2/domutils": ["domutils@2.8.0", "", { "dependencies": { "dom-serializer": "^1.0.1", "domelementtype": "^2.2.0", "domhandler": "^4.2.0" } }, "sha512-w96Cjofp72M5IIhpjgobBimYEfoPjx1Vx0BSX9P30WBdZW2WIKU0T1Bd0kz2eNZ9ikjKgHbEyKx8BB6H1L3h3A=="],

    "hexo-deployer-git/hexo-util/htmlparser2/entities": ["entities@3.0.1", "", {}, "sha512-WiyBqoomrwMdFG1e0kqvASYfnlb0lp8M5o5Fw2OFq1hNZxxcNk8Ik0Xm7LxzBhuidnZB/UtBqVCgUz3kBOP51Q=="],

    "hexo-deployer-git/hexo-util/htmlparser2/domutils/dom-serializer": ["dom-serializer@1.4.1", "", { "dependencies": { "domelementtype": "^2.0.1", "domhandler": "^4.2.0", "entities": "^2.0.0" } }, "sha512-VHwB3KfrcOOkelEG2ZOfxqLZdfkil8PtJi4P8N2MMXucZq2yLp75ClViUlOVwyoHEDjYU433Aq+5zWP61+RGag=="],

    "hexo-deployer-git/hexo-util/htmlparser2/domutils/dom-serializer/entities": ["entities@2.2.0", "", {}, "sha512-p92if5Nz619I0w+akJrLZH0MX0Pb5DX39XOwQTtXSdQQOaYH03S1uIQp4mhOZtAXrxq4ViO67YTiLBo2638o9A=="],
  }
}
